
Microsoft Visual Studio Solution File, Format Version 12.00
# Visual Studio Version 17
VisualStudioVersion = 17.9.34728.123
MinimumVisualStudioVersion = 10.0.40219.1
Project("{FAE04EC0-301F-11D3-BF4B-00C04F79EFBC}") = "ooap_lab4", "ooap_lab4\ooap_lab4.csproj", "{60F3A840-C41F-40E8-AC23-57769A8ADAEC}"
EndProject
Global
	GlobalSection(SolutionConfigurationPlatforms) = preSolution
		Debug|Any CPU = Debug|Any CPU
		Release|Any CPU = Release|Any CPU
	EndGlobalSection
	GlobalSection(ProjectConfigurationPlatforms) = postSolution
		{60F3A840-C41F-40E8-AC23-57769A8ADAEC}.Debug|Any CPU.ActiveCfg = Debug|Any CPU
		{60F3A840-C41F-40E8-AC23-57769A8ADAEC}.Debug|Any CPU.Build.0 = Debug|Any CPU
		{60F3A840-C41F-40E8-AC23-57769A8ADAEC}.Release|Any CPU.ActiveCfg = Release|Any CPU
		{60F3A840-C41F-40E8-AC23-57769A8ADAEC}.Release|Any CPU.Build.0 = Release|Any CPU
	EndGlobalSection
	GlobalSection(SolutionProperties) = preSolution
		HideSolutionNode = FALSE
	EndGlobalSection
	GlobalSection(ExtensibilityGlobals) = postSolution
		SolutionGuid = {EA538838-E390-450D-A756-F765047BF5B9}
	EndGlobalSection
EndGlobal
