
Microsoft Visual Studio Solution File, Format Version 12.00
# Visual Studio Version 17
VisualStudioVersion = 17.9.34728.123
MinimumVisualStudioVersion = 10.0.40219.1
Project("{FAE04EC0-301F-11D3-BF4B-00C04F79EFBC}") = "ooap_lab1", "ooap_lab1\ooap_lab1.csproj", "{912BD949-6C66-40F6-808F-0DE5A515AB98}"
EndProject
Project("{FAE04EC0-301F-11D3-BF4B-00C04F79EFBC}") = "ooap_lab1_reserve", "ooap_lab1_reserve\ooap_lab1_reserve.csproj", "{8B4A8508-EFBC-4139-8AD8-F7008F441B17}"
EndProject
Global
	GlobalSection(SolutionConfigurationPlatforms) = preSolution
		Debug|Any CPU = Debug|Any CPU
		Release|Any CPU = Release|Any CPU
	EndGlobalSection
	GlobalSection(ProjectConfigurationPlatforms) = postSolution
		{912BD949-6C66-40F6-808F-0DE5A515AB98}.Debug|Any CPU.ActiveCfg = Debug|Any CPU
		{912BD949-6C66-40F6-808F-0DE5A515AB98}.Debug|Any CPU.Build.0 = Debug|Any CPU
		{912BD949-6C66-40F6-808F-0DE5A515AB98}.Release|Any CPU.ActiveCfg = Release|Any CPU
		{912BD949-6C66-40F6-808F-0DE5A515AB98}.Release|Any CPU.Build.0 = Release|Any CPU
		{8B4A8508-EFBC-4139-8AD8-F7008F441B17}.Debug|Any CPU.ActiveCfg = Debug|Any CPU
		{8B4A8508-EFBC-4139-8AD8-F7008F441B17}.Debug|Any CPU.Build.0 = Debug|Any CPU
		{8B4A8508-EFBC-4139-8AD8-F7008F441B17}.Release|Any CPU.ActiveCfg = Release|Any CPU
		{8B4A8508-EFBC-4139-8AD8-F7008F441B17}.Release|Any CPU.Build.0 = Release|Any CPU
	EndGlobalSection
	GlobalSection(SolutionProperties) = preSolution
		HideSolutionNode = FALSE
	EndGlobalSection
	GlobalSection(ExtensibilityGlobals) = postSolution
		SolutionGuid = {73180822-7EC7-4F73-B129-964CA0307BA2}
	EndGlobalSection
EndGlobal
