
Microsoft Visual Studio Solution File, Format Version 12.00
# Visual Studio Version 17
VisualStudioVersion = 17.9.34728.123
MinimumVisualStudioVersion = 10.0.40219.1
Project("{FAE04EC0-301F-11D3-BF4B-00C04F79EFBC}") = "ooap_module1", "ooap_module1\ooap_module1.csproj", "{0A6216B3-3E96-4672-9DF6-29CFE1AD429A}"
EndProject
Global
	GlobalSection(SolutionConfigurationPlatforms) = preSolution
		Debug|Any CPU = Debug|Any CPU
		Release|Any CPU = Release|Any CPU
	EndGlobalSection
	GlobalSection(ProjectConfigurationPlatforms) = postSolution
		{0A6216B3-3E96-4672-9DF6-29CFE1AD429A}.Debug|Any CPU.ActiveCfg = Debug|Any CPU
		{0A6216B3-3E96-4672-9DF6-29CFE1AD429A}.Debug|Any CPU.Build.0 = Debug|Any CPU
		{0A6216B3-3E96-4672-9DF6-29CFE1AD429A}.Release|Any CPU.ActiveCfg = Release|Any CPU
		{0A6216B3-3E96-4672-9DF6-29CFE1AD429A}.Release|Any CPU.Build.0 = Release|Any CPU
	EndGlobalSection
	GlobalSection(SolutionProperties) = preSolution
		HideSolutionNode = FALSE
	EndGlobalSection
	GlobalSection(ExtensibilityGlobals) = postSolution
		SolutionGuid = {DAF1F67F-1EFA-4D4A-93A9-5BCB030EF448}
	EndGlobalSection
EndGlobal
